// !$*UTF8*$!
{
	archiveVersion = 1;
	classes = {
	};
	objectVersion = 56;
	objects = {

/* Begin PBXBuildFile section */
		96CEF4E72A607D1A0035ECAB /* spendTabAppApp.swift in Sources */ = {isa = PBXBuildFile; fileRef = 96CEF4E62A607D1A0035ECAB /* spendTabAppApp.swift */; };
		96CEF4E92A607D1A0035ECAB /* ContentView.swift in Sources */ = {isa = PBXBuildFile; fileRef = 96CEF4E82A607D1A0035ECAB /* ContentView.swift */; };
		96CEF4EB2A607D1D0035ECAB /* Assets.xcassets in Resources */ = {isa = PBXBuildFile; fileRef = 96CEF4EA2A607D1D0035ECAB /* Assets.xcassets */; };
		96CEF4EF2A607D1D0035ECAB /* Preview Assets.xcassets in Resources */ = {isa = PBXBuildFile; fileRef = 96CEF4EE2A607D1D0035ECAB /* Preview Assets.xcassets */; };
		96CEF4F92A607D1D0035ECAB /* spendTabAppTests.swift in Sources */ = {isa = PBXBuildFile; fileRef = 96CEF4F82A607D1D0035ECAB /* spendTabAppTests.swift */; };
		96CEF5032A607D1D0035ECAB /* spendTabAppUITests.swift in Sources */ = {isa = PBXBuildFile; fileRef = 96CEF5022A607D1D0035ECAB /* spendTabAppUITests.swift */; };
		96CEF5052A607D1D0035ECAB /* spendTabAppUITestsLaunchTests.swift in Sources */ = {isa = PBXBuildFile; fileRef = 96CEF5042A607D1D0035ECAB /* spendTabAppUITestsLaunchTests.swift */; };
/* End PBXBuildFile section */

/* Begin PBXContainerItemProxy section */
		96CEF4F52A607D1D0035ECAB /* PBXContainerItemProxy */ = {
			isa = PBXContainerItemProxy;
			containerPortal = 96CEF4DB2A607D1A0035ECAB /* Project object */;
			proxyType = 1;
			remoteGlobalIDString = 96CEF4E22A607D1A0035ECAB;
			remoteInfo = spendTabApp;
		};
		96CEF4FF2A607D1D0035ECAB /* PBXContainerItemProxy */ = {
			isa = PBXContainerItemProxy;
			containerPortal = 96CEF4DB2A607D1A0035ECAB /* Project object */;
			proxyType = 1;
			remoteGlobalIDString = 96CEF4E22A607D1A0035ECAB;
			remoteInfo = spendTabApp;
		};
/* End PBXContainerItemProxy section */

/* Begin PBXFileReference section */
		96CEF4E32A607D1A0035ECAB /* spendTabApp.app */ = {isa = PBXFileReference; explicitFileType = wrapper.application; includeInIndex = 0; path = spendTabApp.app; sourceTree = BUILT_PRODUCTS_DIR; };
		96CEF4E62A607D1A0035ECAB /* spendTabAppApp.swift */ = {isa = PBXFileReference; lastKnownFileType = sourcecode.swift; path = spendTabAppApp.swift; sourceTree = "<group>"; };
		96CEF4E82A607D1A0035ECAB /* ContentView.swift */ = {isa = PBXFileReference; lastKnownFileType = sourcecode.swift; path = ContentView.swift; sourceTree = "<group>"; };
		96CEF4EA2A607D1D0035ECAB /* Assets.xcassets */ = {isa = PBXFileReference; lastKnownFileType = folder.assetcatalog; path = Assets.xcassets; sourceTree = "<group>"; };
		96CEF4EC2A607D1D0035ECAB /* spendTabApp.entitlements */ = {isa = PBXFileReference; lastKnownFileType = text.plist.entitlements; path = spendTabApp.entitlements; sourceTree = "<group>"; };
		96CEF4EE2A607D1D0035ECAB /* Preview Assets.xcassets */ = {isa = PBXFileReference; lastKnownFileType = folder.assetcatalog; path = "Preview Assets.xcassets"; sourceTree = "<group>"; };
		96CEF4F42A607D1D0035ECAB /* spendTabAppTests.xctest */ = {isa = PBXFileReference; explicitFileType = wrapper.cfbundle; includeInIndex = 0; path = spendTabAppTests.xctest; sourceTree = BUILT_PRODUCTS_DIR; };
		96CEF4F82A607D1D0035ECAB /* spendTabAppTests.swift */ = {isa = PBXFileReference; lastKnownFileType = sourcecode.swift; path = spendTabAppTests.swift; sourceTree = "<group>"; };
		96CEF4FE2A607D1D0035ECAB /* spendTabAppUITests.xctest */ = {isa = PBXFileReference; explicitFileType = wrapper.cfbundle; includeInIndex = 0; path = spendTabAppUITests.xctest; sourceTree = BUILT_PRODUCTS_DIR; };
		96CEF5022A607D1D0035ECAB /* spendTabAppUITests.swift */ = {isa = PBXFileReference; lastKnownFileType = sourcecode.swift; path = spendTabAppUITests.swift; sourceTree = "<group>"; };
		96CEF5042A607D1D0035ECAB /* spendTabAppUITestsLaunchTests.swift */ = {isa = PBXFileReference; lastKnownFileType = sourcecode.swift; path = spendTabAppUITestsLaunchTests.swift; sourceTree = "<group>"; };
/* End PBXFileReference section */

/* Begin PBXFrameworksBuildPhase section */
		96CEF4E02A607D1A0035ECAB /* Frameworks */ = {
			isa = PBXFrameworksBuildPhase;
			buildActionMask = 2147483647;
			files = (
			);
			runOnlyForDeploymentPostprocessing = 0;
		};
		96CEF4F12A607D1D0035ECAB /* Frameworks */ = {
			isa = PBXFrameworksBuildPhase;
			buildActionMask = 2147483647;
			files = (
			);
			runOnlyForDeploymentPostprocessing = 0;
		};
		96CEF4FB2A607D1D0035ECAB /* Frameworks */ = {
			isa = PBXFrameworksBuildPhase;
			buildActionMask = 2147483647;
			files = (
			);
			runOnlyForDeploymentPostprocessing = 0;
		};
/* End PBXFrameworksBuildPhase section */

/* Begin PBXGroup section */
		96CEF4DA2A607D1A0035ECAB = {
			isa = PBXGroup;
			children = (
				96CEF4E52A607D1A0035ECAB /* spendTabApp */,
				96CEF4F72A607D1D0035ECAB /* spendTabAppTests */,
				96CEF5012A607D1D0035ECAB /* spendTabAppUITests */,
				96CEF4E42A607D1A0035ECAB /* Products */,
			);
			sourceTree = "<group>";
		};
		96CEF4E42A607D1A0035ECAB /* Products */ = {
			isa = PBXGroup;
			children = (
				96CEF4E32A607D1A0035ECAB /* spendTabApp.app */,
				96CEF4F42A607D1D0035ECAB /* spendTabAppTests.xctest */,
				96CEF4FE2A607D1D0035ECAB /* spendTabAppUITests.xctest */,
			);
			name = Products;
			sourceTree = "<group>";
		};
		96CEF4E52A607D1A0035ECAB /* spendTabApp */ = {
			isa = PBXGroup;
			children = (
				96CEF4E62A607D1A0035ECAB /* spendTabAppApp.swift */,
				96CEF4E82A607D1A0035ECAB /* ContentView.swift */,
				96CEF4EA2A607D1D0035ECAB /* Assets.xcassets */,
				96CEF4EC2A607D1D0035ECAB /* spendTabApp.entitlements */,
				96CEF4ED2A607D1D0035ECAB /* Preview Content */,
			);
			path = spendTabApp;
			sourceTree = "<group>";
		};
		96CEF4ED2A607D1D0035ECAB /* Preview Content */ = {
			isa = PBXGroup;
			children = (
				96CEF4EE2A607D1D0035ECAB /* Preview Assets.xcassets */,
			);
			path = "Preview Content";
			sourceTree = "<group>";
		};
		96CEF4F72A607D1D0035ECAB /* spendTabAppTests */ = {
			isa = PBXGroup;
			children = (
				96CEF4F82A607D1D0035ECAB /* spendTabAppTests.swift */,
			);
			path = spendTabAppTests;
			sourceTree = "<group>";
		};
		96CEF5012A607D1D0035ECAB /* spendTabAppUITests */ = {
			isa = PBXGroup;
			children = (
				96CEF5022A607D1D0035ECAB /* spendTabAppUITests.swift */,
				96CEF5042A607D1D0035ECAB /* spendTabAppUITestsLaunchTests.swift */,
			);
			path = spendTabAppUITests;
			sourceTree = "<group>";
		};
/* End PBXGroup section */

/* Begin PBXNativeTarget section */
		96CEF4E22A607D1A0035ECAB /* spendTabApp */ = {
			isa = PBXNativeTarget;
			buildConfigurationList = 96CEF5082A607D1D0035ECAB /* Build configuration list for PBXNativeTarget "spendTabApp" */;
			buildPhases = (
				96CEF4DF2A607D1A0035ECAB /* Sources */,
				96CEF4E02A607D1A0035ECAB /* Frameworks */,
				96CEF4E12A607D1A0035ECAB /* Resources */,
			);
			buildRules = (
			);
			dependencies = (
			);
			name = spendTabApp;
			productName = spendTabApp;
			productReference = 96CEF4E32A607D1A0035ECAB /* spendTabApp.app */;
			productType = "com.apple.product-type.application";
		};
		96CEF4F32A607D1D0035ECAB /* spendTabAppTests */ = {
			isa = PBXNativeTarget;
			buildConfigurationList = 96CEF50B2A607D1D0035ECAB /* Build configuration list for PBXNativeTarget "spendTabAppTests" */;
			buildPhases = (
				96CEF4F02A607D1D0035ECAB /* Sources */,
				96CEF4F12A607D1D0035ECAB /* Frameworks */,
				96CEF4F22A607D1D0035ECAB /* Resources */,
			);
			buildRules = (
			);
			dependencies = (
				96CEF4F62A607D1D0035ECAB /* PBXTargetDependency */,
			);
			name = spendTabAppTests;
			productName = spendTabAppTests;
			productReference = 96CEF4F42A607D1D0035ECAB /* spendTabAppTests.xctest */;
			productType = "com.apple.product-type.bundle.unit-test";
		};
		96CEF4FD2A607D1D0035ECAB /* spendTabAppUITests */ = {
			isa = PBXNativeTarget;
			buildConfigurationList = 96CEF50E2A607D1D0035ECAB /* Build configuration list for PBXNativeTarget "spendTabAppUITests" */;
			buildPhases = (
				96CEF4FA2A607D1D0035ECAB /* Sources */,
				96CEF4FB2A607D1D0035ECAB /* Frameworks */,
				96CEF4FC2A607D1D0035ECAB /* Resources */,
			);
			buildRules = (
			);
			dependencies = (
				96CEF5002A607D1D0035ECAB /* PBXTargetDependency */,
			);
			name = spendTabAppUITests;
			productName = spendTabAppUITests;
			productReference = 96CEF4FE2A607D1D0035ECAB /* spendTabAppUITests.xctest */;
			productType = "com.apple.product-type.bundle.ui-testing";
		};
/* End PBXNativeTarget section */

/* Begin PBXProject section */
		96CEF4DB2A607D1A0035ECAB /* Project object */ = {
			isa = PBXProject;
			attributes = {
				BuildIndependentTargetsInParallel = 1;
				LastSwiftUpdateCheck = 1500;
				LastUpgradeCheck = 1500;
				TargetAttributes = {
					96CEF4E22A607D1A0035ECAB = {
						CreatedOnToolsVersion = 15.0;
					};
					96CEF4F32A607D1D0035ECAB = {
						CreatedOnToolsVersion = 15.0;
						TestTargetID = 96CEF4E22A607D1A0035ECAB;
					};
					96CEF4FD2A607D1D0035ECAB = {
						CreatedOnToolsVersion = 15.0;
						TestTargetID = 96CEF4E22A607D1A0035ECAB;
					};
				};
			};
			buildConfigurationList = 96CEF4DE2A607D1A0035ECAB /* Build configuration list for PBXProject "spendTabApp" */;
			compatibilityVersion = "Xcode 14.0";
			developmentRegion = en;
			hasScannedForEncodings = 0;
			knownRegions = (
				en,
				Base,
			);
			mainGroup = 96CEF4DA2A607D1A0035ECAB;
			productRefGroup = 96CEF4E42A607D1A0035ECAB /* Products */;
			projectDirPath = "";
			projectRoot = "";
			targets = (
				96CEF4E22A607D1A0035ECAB /* spendTabApp */,
				96CEF4F32A607D1D0035ECAB /* spendTabAppTests */,
				96CEF4FD2A607D1D0035ECAB /* spendTabAppUITests */,
			);
		};
/* End PBXProject section */

/* Begin PBXResourcesBuildPhase section */
		96CEF4E12A607D1A0035ECAB /* Resources */ = {
			isa = PBXResourcesBuildPhase;
			buildActionMask = 2147483647;
			files = (
				96CEF4EF2A607D1D0035ECAB /* Preview Assets.xcassets in Resources */,
				96CEF4EB2A607D1D0035ECAB /* Assets.xcassets in Resources */,
			);
			runOnlyForDeploymentPostprocessing = 0;
		};
		96CEF4F22A607D1D0035ECAB /* Resources */ = {
			isa = PBXResourcesBuildPhase;
			buildActionMask = 2147483647;
			files = (
			);
			runOnlyForDeploymentPostprocessing = 0;
		};
		96CEF4FC2A607D1D0035ECAB /* Resources */ = {
			isa = PBXResourcesBuildPhase;
			buildActionMask = 2147483647;
			files = (
			);
			runOnlyForDeploymentPostprocessing = 0;
		};
/* End PBXResourcesBuildPhase section */

/* Begin PBXSourcesBuildPhase section */
		96CEF4DF2A607D1A0035ECAB /* Sources */ = {
			isa = PBXSourcesBuildPhase;
			buildActionMask = 2147483647;
			files = (
				96CEF4E92A607D1A0035ECAB /* ContentView.swift in Sources */,
				96CEF4E72A607D1A0035ECAB /* spendTabAppApp.swift in Sources */,
			);
			runOnlyForDeploymentPostprocessing = 0;
		};
		96CEF4F02A607D1D0035ECAB /* Sources */ = {
			isa = PBXSourcesBuildPhase;
			buildActionMask = 2147483647;
			files = (
				96CEF4F92A607D1D0035ECAB /* spendTabAppTests.swift in Sources */,
			);
			runOnlyForDeploymentPostprocessing = 0;
		};
		96CEF4FA2A607D1D0035ECAB /* Sources */ = {
			isa = PBXSourcesBuildPhase;
			buildActionMask = 2147483647;
			files = (
				96CEF5032A607D1D0035ECAB /* spendTabAppUITests.swift in Sources */,
				96CEF5052A607D1D0035ECAB /* spendTabAppUITestsLaunchTests.swift in Sources */,
			);
			runOnlyForDeploymentPostprocessing = 0;
		};
/* End PBXSourcesBuildPhase section */

/* Begin PBXTargetDependency section */
		96CEF4F62A607D1D0035ECAB /* PBXTargetDependency */ = {
			isa = PBXTargetDependency;
			target = 96CEF4E22A607D1A0035ECAB /* spendTabApp */;
			targetProxy = 96CEF4F52A607D1D0035ECAB /* PBXContainerItemProxy */;
		};
		96CEF5002A607D1D0035ECAB /* PBXTargetDependency */ = {
			isa = PBXTargetDependency;
			target = 96CEF4E22A607D1A0035ECAB /* spendTabApp */;
			targetProxy = 96CEF4FF2A607D1D0035ECAB /* PBXContainerItemProxy */;
		};
/* End PBXTargetDependency section */

/* Begin XCBuildConfiguration section */
		96CEF5062A607D1D0035ECAB /* Debug */ = {
			isa = XCBuildConfiguration;
			buildSettings = {
				ALWAYS_SEARCH_USER_PATHS = NO;
				ASSETCATALOG_COMPILER_GENERATE_SWIFT_ASSET_SYMBOL_EXTENSIONS = YES;
				CLANG_ANALYZER_NONNULL = YES;
				CLANG_ANALYZER_NUMBER_OBJECT_CONVERSION = YES_AGGRESSIVE;
				CLANG_CXX_LANGUAGE_STANDARD = "gnu++20";
				CLANG_ENABLE_MODULES = YES;
				CLANG_ENABLE_OBJC_ARC = YES;
				CLANG_ENABLE_OBJC_WEAK = YES;
				CLANG_WARN_BLOCK_CAPTURE_AUTORELEASING = YES;
				CLANG_WARN_BOOL_CONVERSION = YES;
				CLANG_WARN_COMMA = YES;
				CLANG_WARN_CONSTANT_CONVERSION = YES;
				CLANG_WARN_DEPRECATED_OBJC_IMPLEMENTATIONS = YES;
				CLANG_WARN_DIRECT_OBJC_ISA_USAGE = YES_ERROR;
				CLANG_WARN_DOCUMENTATION_COMMENTS = YES;
				CLANG_WARN_EMPTY_BODY = YES;
				CLANG_WARN_ENUM_CONVERSION = YES;
				CLANG_WARN_INFINITE_RECURSION = YES;
				CLANG_WARN_INT_CONVERSION = YES;
				CLANG_WARN_NON_LITERAL_NULL_CONVERSION = YES;
				CLANG_WARN_OBJC_IMPLICIT_RETAIN_SELF = YES;
				CLANG_WARN_OBJC_LITERAL_CONVERSION = YES;
				CLANG_WARN_OBJC_ROOT_CLASS = YES_ERROR;
				CLANG_WARN_QUOTED_INCLUDE_IN_FRAMEWORK_HEADER = YES;
				CLANG_WARN_RANGE_LOOP_ANALYSIS = YES;
				CLANG_WARN_STRICT_PROTOTYPES = YES;
				CLANG_WARN_SUSPICIOUS_MOVE = YES;
				CLANG_WARN_UNGUARDED_AVAILABILITY = YES_AGGRESSIVE;
				CLANG_WARN_UNREACHABLE_CODE = YES;
				CLANG_WARN__DUPLICATE_METHOD_MATCH = YES;
				COPY_PHASE_STRIP = NO;
				DEBUG_INFORMATION_FORMAT = dwarf;
				ENABLE_STRICT_OBJC_MSGSEND = YES;
				ENABLE_TESTABILITY = YES;
				ENABLE_USER_SCRIPT_SANDBOXING = YES;
				GCC_C_LANGUAGE_STANDARD = gnu17;
				GCC_DYNAMIC_NO_PIC = NO;
				GCC_NO_COMMON_BLOCKS = YES;
				GCC_OPTIMIZATION_LEVEL = 0;
				GCC_PREPROCESSOR_DEFINITIONS = (
					"DEBUG=1",
					"$(inherited)",
				);
				GCC_WARN_64_TO_32_BIT_CONVERSION = YES;
				GCC_WARN_ABOUT_RETURN_TYPE = YES_ERROR;
				GCC_WARN_UNDECLARED_SELECTOR = YES;
				GCC_WARN_UNINITIALIZED_AUTOS = YES_AGGRESSIVE;
				GCC_WARN_UNUSED_FUNCTION = YES;
				GCC_WARN_UNUSED_VARIABLE = YES;
				LOCALIZATION_PREFERS_STRING_CATALOGS = YES;
				MTL_ENABLE_DEBUG_INFO = INCLUDE_SOURCE;
				MTL_FAST_MATH = YES;
				ONLY_ACTIVE_ARCH = YES;
				SWIFT_ACTIVE_COMPILATION_CONDITIONS = "DEBUG $(inherited)";
				SWIFT_OPTIMIZATION_LEVEL = "-Onone";
			};
			name = Debug;
		};
		96CEF5072A607D1D0035ECAB /* Release */ = {
			isa = XCBuildConfiguration;
			buildSettings = {
				ALWAYS_SEARCH_USER_PATHS = NO;
				ASSETCATALOG_COMPILER_GENERATE_SWIFT_ASSET_SYMBOL_EXTENSIONS = YES;
				CLANG_ANALYZER_NONNULL = YES;
				CLANG_ANALYZER_NUMBER_OBJECT_CONVERSION = YES_AGGRESSIVE;
				CLANG_CXX_LANGUAGE_STANDARD = "gnu++20";
				CLANG_ENABLE_MODULES = YES;
				CLANG_ENABLE_OBJC_ARC = YES;
				CLANG_ENABLE_OBJC_WEAK = YES;
				CLANG_WARN_BLOCK_CAPTURE_AUTORELEASING = YES;
				CLANG_WARN_BOOL_CONVERSION = YES;
				CLANG_WARN_COMMA = YES;
				CLANG_WARN_CONSTANT_CONVERSION = YES;
				CLANG_WARN_DEPRECATED_OBJC_IMPLEMENTATIONS = YES;
				CLANG_WARN_DIRECT_OBJC_ISA_USAGE = YES_ERROR;
				CLANG_WARN_DOCUMENTATION_COMMENTS = YES;
				CLANG_WARN_EMPTY_BODY = YES;
				CLANG_WARN_ENUM_CONVERSION = YES;
				CLANG_WARN_INFINITE_RECURSION = YES;
				CLANG_WARN_INT_CONVERSION = YES;
				CLANG_WARN_NON_LITERAL_NULL_CONVERSION = YES;
				CLANG_WARN_OBJC_IMPLICIT_RETAIN_SELF = YES;
				CLANG_WARN_OBJC_LITERAL_CONVERSION = YES;
				CLANG_WARN_OBJC_ROOT_CLASS = YES_ERROR;
				CLANG_WARN_QUOTED_INCLUDE_IN_FRAMEWORK_HEADER = YES;
				CLANG_WARN_RANGE_LOOP_ANALYSIS = YES;
				CLANG_WARN_STRICT_PROTOTYPES = YES;
				CLANG_WARN_SUSPICIOUS_MOVE = YES;
				CLANG_WARN_UNGUARDED_AVAILABILITY = YES_AGGRESSIVE;
				CLANG_WARN_UNREACHABLE_CODE = YES;
				CLANG_WARN__DUPLICATE_METHOD_MATCH = YES;
				COPY_PHASE_STRIP = NO;
				DEBUG_INFORMATION_FORMAT = "dwarf-with-dsym";
				ENABLE_NS_ASSERTIONS = NO;
				ENABLE_STRICT_OBJC_MSGSEND = YES;
				ENABLE_USER_SCRIPT_SANDBOXING = YES;
				GCC_C_LANGUAGE_STANDARD = gnu17;
				GCC_NO_COMMON_BLOCKS = YES;
				GCC_WARN_64_TO_32_BIT_CONVERSION = YES;
				GCC_WARN_ABOUT_RETURN_TYPE = YES_ERROR;
				GCC_WARN_UNDECLARED_SELECTOR = YES;
				GCC_WARN_UNINITIALIZED_AUTOS = YES_AGGRESSIVE;
				GCC_WARN_UNUSED_FUNCTION = YES;
				GCC_WARN_UNUSED_VARIABLE = YES;
				LOCALIZATION_PREFERS_STRING_CATALOGS = YES;
				MTL_ENABLE_DEBUG_INFO = NO;
				MTL_FAST_MATH = YES;
				SWIFT_COMPILATION_MODE = wholemodule;
			};
			name = Release;
		};
		96CEF5092A607D1D0035ECAB /* Debug */ = {
			isa = XCBuildConfiguration;
			buildSettings = {
				ASSETCATALOG_COMPILER_APPICON_NAME = AppIcon;
				ASSETCATALOG_COMPILER_GLOBAL_ACCENT_COLOR_NAME = AccentColor;
				CODE_SIGN_ENTITLEMENTS = spendTabApp/spendTabApp.entitlements;
				CODE_SIGN_STYLE = Automatic;
				CURRENT_PROJECT_VERSION = 1;
				DEVELOPMENT_ASSET_PATHS = "\"spendTabApp/Preview Content\"";
				DEVELOPMENT_TEAM = 6C4C8M2Y78;
				ENABLE_PREVIEWS = YES;
				GENERATE_INFOPLIST_FILE = YES;
				"INFOPLIST_KEY_UIApplicationSceneManifest_Generation[sdk=iphoneos*]" = YES;
				"INFOPLIST_KEY_UIApplicationSceneManifest_Generation[sdk=iphonesimulator*]" = YES;
				"INFOPLIST_KEY_UIApplicationSupportsIndirectInputEvents[sdk=iphoneos*]" = YES;
				"INFOPLIST_KEY_UIApplicationSupportsIndirectInputEvents[sdk=iphonesimulator*]" = YES;
				"INFOPLIST_KEY_UILaunchScreen_Generation[sdk=iphoneos*]" = YES;
				"INFOPLIST_KEY_UILaunchScreen_Generation[sdk=iphonesimulator*]" = YES;
				"INFOPLIST_KEY_UIStatusBarStyle[sdk=iphoneos*]" = UIStatusBarStyleDefault;
				"INFOPLIST_KEY_UIStatusBarStyle[sdk=iphonesimulator*]" = UIStatusBarStyleDefault;
				INFOPLIST_KEY_UISupportedInterfaceOrientations_iPad = "UIInterfaceOrientationPortrait UIInterfaceOrientationPortraitUpsideDown UIInterfaceOrientationLandscapeLeft UIInterfaceOrientationLandscapeRight";
				INFOPLIST_KEY_UISupportedInterfaceOrientations_iPhone = "UIInterfaceOrientationPortrait UIInterfaceOrientationLandscapeLeft UIInterfaceOrientationLandscapeRight";
				IPHONEOS_DEPLOYMENT_TARGET = 17.0;
				LD_RUNPATH_SEARCH_PATHS = "@executable_path/Frameworks";
				"LD_RUNPATH_SEARCH_PATHS[sdk=macosx*]" = "@executable_path/../Frameworks";
				MACOSX_DEPLOYMENT_TARGET = 14.0;
				MARKETING_VERSION = 1.0;
				PRODUCT_BUNDLE_IDENTIFIER = io.derin.spendTabApp;
				PRODUCT_NAME = "$(TARGET_NAME)";
				SDKROOT = iphoneos;
				SUPPORTED_PLATFORMS = "iphoneos iphonesimulator";
				SUPPORTS_MACCATALYST = NO;
				SWIFT_EMIT_LOC_STRINGS = YES;
				SWIFT_VERSION = 5.0;
				TARGETED_DEVICE_FAMILY = 1;
			};
			name = Debug;
		};
		96CEF50A2A607D1D0035ECAB /* Release */ = {
			isa = XCBuildConfiguration;
			buildSettings = {
				ASSETCATALOG_COMPILER_APPICON_NAME = AppIcon;
				ASSETCATALOG_COMPILER_GLOBAL_ACCENT_COLOR_NAME = AccentColor;
				CODE_SIGN_ENTITLEMENTS = spendTabApp/spendTabApp.entitlements;
				CODE_SIGN_STYLE = Automatic;
				CURRENT_PROJECT_VERSION = 1;
				DEVELOPMENT_ASSET_PATHS = "\"spendTabApp/Preview Content\"";
				DEVELOPMENT_TEAM = 6C4C8M2Y78;
				ENABLE_PREVIEWS = YES;
				GENERATE_INFOPLIST_FILE = YES;
				"INFOPLIST_KEY_UIApplicationSceneManifest_Generation[sdk=iphoneos*]" = YES;
				"INFOPLIST_KEY_UIApplicationSceneManifest_Generation[sdk=iphonesimulator*]" = YES;
				"INFOPLIST_KEY_UIApplicationSupportsIndirectInputEvents[sdk=iphoneos*]" = YES;
				"INFOPLIST_KEY_UIApplicationSupportsIndirectInputEvents[sdk=iphonesimulator*]" = YES;
				"INFOPLIST_KEY_UILaunchScreen_Generation[sdk=iphoneos*]" = YES;
				"INFOPLIST_KEY_UILaunchScreen_Generation[sdk=iphonesimulator*]" = YES;
				"INFOPLIST_KEY_UIStatusBarStyle[sdk=iphoneos*]" = UIStatusBarStyleDefault;
				"INFOPLIST_KEY_UIStatusBarStyle[sdk=iphonesimulator*]" = UIStatusBarStyleDefault;
				INFOPLIST_KEY_UISupportedInterfaceOrientations_iPad = "UIInterfaceOrientationPortrait UIInterfaceOrientationPortraitUpsideDown UIInterfaceOrientationLandscapeLeft UIInterfaceOrientationLandscapeRight";
				INFOPLIST_KEY_UISupportedInterfaceOrientations_iPhone = "UIInterfaceOrientationPortrait UIInterfaceOrientationLandscapeLeft UIInterfaceOrientationLandscapeRight";
				IPHONEOS_DEPLOYMENT_TARGET = 17.0;
				LD_RUNPATH_SEARCH_PATHS = "@executable_path/Frameworks";
				"LD_RUNPATH_SEARCH_PATHS[sdk=macosx*]" = "@executable_path/../Frameworks";
				MACOSX_DEPLOYMENT_TARGET = 14.0;
				MARKETING_VERSION = 1.0;
				PRODUCT_BUNDLE_IDENTIFIER = io.derin.spendTabApp;
				PRODUCT_NAME = "$(TARGET_NAME)";
				SDKROOT = iphoneos;
				SUPPORTED_PLATFORMS = "iphoneos iphonesimulator";
				SUPPORTS_MACCATALYST = NO;
				SWIFT_EMIT_LOC_STRINGS = YES;
				SWIFT_VERSION = 5.0;
				TARGETED_DEVICE_FAMILY = 1;
			};
			name = Release;
		};
		96CEF50C2A607D1D0035ECAB /* Debug */ = {
			isa = XCBuildConfiguration;
			buildSettings = {
				ALWAYS_EMBED_SWIFT_STANDARD_LIBRARIES = YES;
				BUNDLE_LOADER = "$(TEST_HOST)";
				CODE_SIGN_STYLE = Automatic;
				CURRENT_PROJECT_VERSION = 1;
				GENERATE_INFOPLIST_FILE = YES;
				IPHONEOS_DEPLOYMENT_TARGET = 17.0;
				MACOSX_DEPLOYMENT_TARGET = 14.0;
				MARKETING_VERSION = 1.0;
				PRODUCT_BUNDLE_IDENTIFIER = io.derin.spendTabAppTests;
				PRODUCT_NAME = "$(TARGET_NAME)";
				SDKROOT = auto;
				SUPPORTED_PLATFORMS = "iphoneos iphonesimulator macosx";
				SWIFT_EMIT_LOC_STRINGS = NO;
				SWIFT_VERSION = 5.0;
				TARGETED_DEVICE_FAMILY = "1,2";
				TEST_HOST = "$(BUILT_PRODUCTS_DIR)/spendTabApp.app/$(BUNDLE_EXECUTABLE_FOLDER_PATH)/spendTabApp";
			};
			name = Debug;
		};
		96CEF50D2A607D1D0035ECAB /* Release */ = {
			isa = XCBuildConfiguration;
			buildSettings = {
				ALWAYS_EMBED_SWIFT_STANDARD_LIBRARIES = YES;
				BUNDLE_LOADER = "$(TEST_HOST)";
				CODE_SIGN_STYLE = Automatic;
				CURRENT_PROJECT_VERSION = 1;
				GENERATE_INFOPLIST_FILE = YES;
				IPHONEOS_DEPLOYMENT_TARGET = 17.0;
				MACOSX_DEPLOYMENT_TARGET = 14.0;
				MARKETING_VERSION = 1.0;
				PRODUCT_BUNDLE_IDENTIFIER = io.derin.spendTabAppTests;
				PRODUCT_NAME = "$(TARGET_NAME)";
				SDKROOT = auto;
				SUPPORTED_PLATFORMS = "iphoneos iphonesimulator macosx";
				SWIFT_EMIT_LOC_STRINGS = NO;
				SWIFT_VERSION = 5.0;
				TARGETED_DEVICE_FAMILY = "1,2";
				TEST_HOST = "$(BUILT_PRODUCTS_DIR)/spendTabApp.app/$(BUNDLE_EXECUTABLE_FOLDER_PATH)/spendTabApp";
			};
			name = Release;
		};
		96CEF50F2A607D1D0035ECAB /* Debug */ = {
			isa = XCBuildConfiguration;
			buildSettings = {
				ALWAYS_EMBED_SWIFT_STANDARD_LIBRARIES = YES;
				CODE_SIGN_STYLE = Automatic;
				CURRENT_PROJECT_VERSION = 1;
				GENERATE_INFOPLIST_FILE = YES;
				IPHONEOS_DEPLOYMENT_TARGET = 17.0;
				MACOSX_DEPLOYMENT_TARGET = 14.0;
				MARKETING_VERSION = 1.0;
				PRODUCT_BUNDLE_IDENTIFIER = io.derin.spendTabAppUITests;
				PRODUCT_NAME = "$(TARGET_NAME)";
				SDKROOT = auto;
				SUPPORTED_PLATFORMS = "iphoneos iphonesimulator macosx";
				SWIFT_EMIT_LOC_STRINGS = NO;
				SWIFT_VERSION = 5.0;
				TARGETED_DEVICE_FAMILY = "1,2";
				TEST_TARGET_NAME = spendTabApp;
			};
			name = Debug;
		};
		96CEF5102A607D1D0035ECAB /* Release */ = {
			isa = XCBuildConfiguration;
			buildSettings = {
				ALWAYS_EMBED_SWIFT_STANDARD_LIBRARIES = YES;
				CODE_SIGN_STYLE = Automatic;
				CURRENT_PROJECT_VERSION = 1;
				GENERATE_INFOPLIST_FILE = YES;
				IPHONEOS_DEPLOYMENT_TARGET = 17.0;
				MACOSX_DEPLOYMENT_TARGET = 14.0;
				MARKETING_VERSION = 1.0;
				PRODUCT_BUNDLE_IDENTIFIER = io.derin.spendTabAppUITests;
				PRODUCT_NAME = "$(TARGET_NAME)";
				SDKROOT = auto;
				SUPPORTED_PLATFORMS = "iphoneos iphonesimulator macosx";
				SWIFT_EMIT_LOC_STRINGS = NO;
				SWIFT_VERSION = 5.0;
				TARGETED_DEVICE_FAMILY = "1,2";
				TEST_TARGET_NAME = spendTabApp;
			};
			name = Release;
		};
/* End XCBuildConfiguration section */

/* Begin XCConfigurationList section */
		96CEF4DE2A607D1A0035ECAB /* Build configuration list for PBXProject "spendTabApp" */ = {
			isa = XCConfigurationList;
			buildConfigurations = (
				96CEF5062A607D1D0035ECAB /* Debug */,
				96CEF5072A607D1D0035ECAB /* Release */,
			);
			defaultConfigurationIsVisible = 0;
			defaultConfigurationName = Release;
		};
		96CEF5082A607D1D0035ECAB /* Build configuration list for PBXNativeTarget "spendTabApp" */ = {
			isa = XCConfigurationList;
			buildConfigurations = (
				96CEF5092A607D1D0035ECAB /* Debug */,
				96CEF50A2A607D1D0035ECAB /* Release */,
			);
			defaultConfigurationIsVisible = 0;
			defaultConfigurationName = Release;
		};
		96CEF50B2A607D1D0035ECAB /* Build configuration list for PBXNativeTarget "spendTabAppTests" */ = {
			isa = XCConfigurationList;
			buildConfigurations = (
				96CEF50C2A607D1D0035ECAB /* Debug */,
				96CEF50D2A607D1D0035ECAB /* Release */,
			);
			defaultConfigurationIsVisible = 0;
			defaultConfigurationName = Release;
		};
		96CEF50E2A607D1D0035ECAB /* Build configuration list for PBXNativeTarget "spendTabAppUITests" */ = {
			isa = XCConfigurationList;
			buildConfigurations = (
				96CEF50F2A607D1D0035ECAB /* Debug */,
				96CEF5102A607D1D0035ECAB /* Release */,
			);
			defaultConfigurationIsVisible = 0;
			defaultConfigurationName = Release;
		};
/* End XCConfigurationList section */
	};
	rootObject = 96CEF4DB2A607D1A0035ECAB /* Project object */;
}
