// !$*UTF8*$!
{
	archiveVersion = 1;
	classes = {
	};
	objectVersion = 56;
	objects = {

/* Begin PBXBuildFile section */
		969F7A022A612C00004FD715 /* TabbedApp.swift in Sources */ = {isa = PBXBuildFile; fileRef = 969F7A012A612C00004FD715 /* TabbedApp.swift */; };
		969F7A042A612C00004FD715 /* ContentView.swift in Sources */ = {isa = PBXBuildFile; fileRef = 969F7A032A612C00004FD715 /* ContentView.swift */; };
		969F7A062A612C03004FD715 /* Assets.xcassets in Resources */ = {isa = PBXBuildFile; fileRef = 969F7A052A612C03004FD715 /* Assets.xcassets */; };
		969F7A092A612C03004FD715 /* Preview Assets.xcassets in Resources */ = {isa = PBXBuildFile; fileRef = 969F7A082A612C03004FD715 /* Preview Assets.xcassets */; };
		969F7A132A612C03004FD715 /* TabbedTests.swift in Sources */ = {isa = PBXBuildFile; fileRef = 969F7A122A612C03004FD715 /* TabbedTests.swift */; };
		969F7A1D2A612C03004FD715 /* TabbedUITests.swift in Sources */ = {isa = PBXBuildFile; fileRef = 969F7A1C2A612C03004FD715 /* TabbedUITests.swift */; };
		969F7A1F2A612C03004FD715 /* TabbedUITestsLaunchTests.swift in Sources */ = {isa = PBXBuildFile; fileRef = 969F7A1E2A612C03004FD715 /* TabbedUITestsLaunchTests.swift */; };
/* End PBXBuildFile section */

/* Begin PBXContainerItemProxy section */
		969F7A0F2A612C03004FD715 /* PBXContainerItemProxy */ = {
			isa = PBXContainerItemProxy;
			containerPortal = 969F79F62A612C00004FD715 /* Project object */;
			proxyType = 1;
			remoteGlobalIDString = 969F79FD2A612C00004FD715;
			remoteInfo = Tabbed;
		};
		969F7A192A612C03004FD715 /* PBXContainerItemProxy */ = {
			isa = PBXContainerItemProxy;
			containerPortal = 969F79F62A612C00004FD715 /* Project object */;
			proxyType = 1;
			remoteGlobalIDString = 969F79FD2A612C00004FD715;
			remoteInfo = Tabbed;
		};
/* End PBXContainerItemProxy section */

/* Begin PBXFileReference section */
		969F79FE2A612C00004FD715 /* Tabbed.app */ = {isa = PBXFileReference; explicitFileType = wrapper.application; includeInIndex = 0; path = Tabbed.app; sourceTree = BUILT_PRODUCTS_DIR; };
		969F7A012A612C00004FD715 /* TabbedApp.swift */ = {isa = PBXFileReference; lastKnownFileType = sourcecode.swift; path = TabbedApp.swift; sourceTree = "<group>"; };
		969F7A032A612C00004FD715 /* ContentView.swift */ = {isa = PBXFileReference; lastKnownFileType = sourcecode.swift; path = ContentView.swift; sourceTree = "<group>"; };
		969F7A052A612C03004FD715 /* Assets.xcassets */ = {isa = PBXFileReference; lastKnownFileType = folder.assetcatalog; path = Assets.xcassets; sourceTree = "<group>"; };
		969F7A082A612C03004FD715 /* Preview Assets.xcassets */ = {isa = PBXFileReference; lastKnownFileType = folder.assetcatalog; path = "Preview Assets.xcassets"; sourceTree = "<group>"; };
		969F7A0E2A612C03004FD715 /* TabbedTests.xctest */ = {isa = PBXFileReference; explicitFileType = wrapper.cfbundle; includeInIndex = 0; path = TabbedTests.xctest; sourceTree = BUILT_PRODUCTS_DIR; };
		969F7A122A612C03004FD715 /* TabbedTests.swift */ = {isa = PBXFileReference; lastKnownFileType = sourcecode.swift; path = TabbedTests.swift; sourceTree = "<group>"; };
		969F7A182A612C03004FD715 /* TabbedUITests.xctest */ = {isa = PBXFileReference; explicitFileType = wrapper.cfbundle; includeInIndex = 0; path = TabbedUITests.xctest; sourceTree = BUILT_PRODUCTS_DIR; };
		969F7A1C2A612C03004FD715 /* TabbedUITests.swift */ = {isa = PBXFileReference; lastKnownFileType = sourcecode.swift; path = TabbedUITests.swift; sourceTree = "<group>"; };
		969F7A1E2A612C03004FD715 /* TabbedUITestsLaunchTests.swift */ = {isa = PBXFileReference; lastKnownFileType = sourcecode.swift; path = TabbedUITestsLaunchTests.swift; sourceTree = "<group>"; };
/* End PBXFileReference section */

/* Begin PBXFrameworksBuildPhase section */
		969F79FB2A612C00004FD715 /* Frameworks */ = {
			isa = PBXFrameworksBuildPhase;
			buildActionMask = 2147483647;
			files = (
			);
			runOnlyForDeploymentPostprocessing = 0;
		};
		969F7A0B2A612C03004FD715 /* Frameworks */ = {
			isa = PBXFrameworksBuildPhase;
			buildActionMask = 2147483647;
			files = (
			);
			runOnlyForDeploymentPostprocessing = 0;
		};
		969F7A152A612C03004FD715 /* Frameworks */ = {
			isa = PBXFrameworksBuildPhase;
			buildActionMask = 2147483647;
			files = (
			);
			runOnlyForDeploymentPostprocessing = 0;
		};
/* End PBXFrameworksBuildPhase section */

/* Begin PBXGroup section */
		969F79F52A612C00004FD715 = {
			isa = PBXGroup;
			children = (
				969F7A002A612C00004FD715 /* Tabbed */,
				969F7A112A612C03004FD715 /* TabbedTests */,
				969F7A1B2A612C03004FD715 /* TabbedUITests */,
				969F79FF2A612C00004FD715 /* Products */,
			);
			sourceTree = "<group>";
		};
		969F79FF2A612C00004FD715 /* Products */ = {
			isa = PBXGroup;
			children = (
				969F79FE2A612C00004FD715 /* Tabbed.app */,
				969F7A0E2A612C03004FD715 /* TabbedTests.xctest */,
				969F7A182A612C03004FD715 /* TabbedUITests.xctest */,
			);
			name = Products;
			sourceTree = "<group>";
		};
		969F7A002A612C00004FD715 /* Tabbed */ = {
			isa = PBXGroup;
			children = (
				969F7A012A612C00004FD715 /* TabbedApp.swift */,
				969F7A032A612C00004FD715 /* ContentView.swift */,
				969F7A052A612C03004FD715 /* Assets.xcassets */,
				969F7A072A612C03004FD715 /* Preview Content */,
			);
			path = Tabbed;
			sourceTree = "<group>";
		};
		969F7A072A612C03004FD715 /* Preview Content */ = {
			isa = PBXGroup;
			children = (
				969F7A082A612C03004FD715 /* Preview Assets.xcassets */,
			);
			path = "Preview Content";
			sourceTree = "<group>";
		};
		969F7A112A612C03004FD715 /* TabbedTests */ = {
			isa = PBXGroup;
			children = (
				969F7A122A612C03004FD715 /* TabbedTests.swift */,
			);
			path = TabbedTests;
			sourceTree = "<group>";
		};
		969F7A1B2A612C03004FD715 /* TabbedUITests */ = {
			isa = PBXGroup;
			children = (
				969F7A1C2A612C03004FD715 /* TabbedUITests.swift */,
				969F7A1E2A612C03004FD715 /* TabbedUITestsLaunchTests.swift */,
			);
			path = TabbedUITests;
			sourceTree = "<group>";
		};
/* End PBXGroup section */

/* Begin PBXNativeTarget section */
		969F79FD2A612C00004FD715 /* Tabbed */ = {
			isa = PBXNativeTarget;
			buildConfigurationList = 969F7A222A612C03004FD715 /* Build configuration list for PBXNativeTarget "Tabbed" */;
			buildPhases = (
				969F79FA2A612C00004FD715 /* Sources */,
				969F79FB2A612C00004FD715 /* Frameworks */,
				969F79FC2A612C00004FD715 /* Resources */,
			);
			buildRules = (
			);
			dependencies = (
			);
			name = Tabbed;
			productName = Tabbed;
			productReference = 969F79FE2A612C00004FD715 /* Tabbed.app */;
			productType = "com.apple.product-type.application";
		};
		969F7A0D2A612C03004FD715 /* TabbedTests */ = {
			isa = PBXNativeTarget;
			buildConfigurationList = 969F7A252A612C03004FD715 /* Build configuration list for PBXNativeTarget "TabbedTests" */;
			buildPhases = (
				969F7A0A2A612C03004FD715 /* Sources */,
				969F7A0B2A612C03004FD715 /* Frameworks */,
				969F7A0C2A612C03004FD715 /* Resources */,
			);
			buildRules = (
			);
			dependencies = (
				969F7A102A612C03004FD715 /* PBXTargetDependency */,
			);
			name = TabbedTests;
			productName = TabbedTests;
			productReference = 969F7A0E2A612C03004FD715 /* TabbedTests.xctest */;
			productType = "com.apple.product-type.bundle.unit-test";
		};
		969F7A172A612C03004FD715 /* TabbedUITests */ = {
			isa = PBXNativeTarget;
			buildConfigurationList = 969F7A282A612C03004FD715 /* Build configuration list for PBXNativeTarget "TabbedUITests" */;
			buildPhases = (
				969F7A142A612C03004FD715 /* Sources */,
				969F7A152A612C03004FD715 /* Frameworks */,
				969F7A162A612C03004FD715 /* Resources */,
			);
			buildRules = (
			);
			dependencies = (
				969F7A1A2A612C03004FD715 /* PBXTargetDependency */,
			);
			name = TabbedUITests;
			productName = TabbedUITests;
			productReference = 969F7A182A612C03004FD715 /* TabbedUITests.xctest */;
			productType = "com.apple.product-type.bundle.ui-testing";
		};
/* End PBXNativeTarget section */

/* Begin PBXProject section */
		969F79F62A612C00004FD715 /* Project object */ = {
			isa = PBXProject;
			attributes = {
				BuildIndependentTargetsInParallel = 1;
				LastSwiftUpdateCheck = 1500;
				LastUpgradeCheck = 1500;
				TargetAttributes = {
					969F79FD2A612C00004FD715 = {
						CreatedOnToolsVersion = 15.0;
					};
					969F7A0D2A612C03004FD715 = {
						CreatedOnToolsVersion = 15.0;
						TestTargetID = 969F79FD2A612C00004FD715;
					};
					969F7A172A612C03004FD715 = {
						CreatedOnToolsVersion = 15.0;
						TestTargetID = 969F79FD2A612C00004FD715;
					};
				};
			};
			buildConfigurationList = 969F79F92A612C00004FD715 /* Build configuration list for PBXProject "Tabbed" */;
			compatibilityVersion = "Xcode 14.0";
			developmentRegion = en;
			hasScannedForEncodings = 0;
			knownRegions = (
				en,
				Base,
			);
			mainGroup = 969F79F52A612C00004FD715;
			productRefGroup = 969F79FF2A612C00004FD715 /* Products */;
			projectDirPath = "";
			projectRoot = "";
			targets = (
				969F79FD2A612C00004FD715 /* Tabbed */,
				969F7A0D2A612C03004FD715 /* TabbedTests */,
				969F7A172A612C03004FD715 /* TabbedUITests */,
			);
		};
/* End PBXProject section */

/* Begin PBXResourcesBuildPhase section */
		969F79FC2A612C00004FD715 /* Resources */ = {
			isa = PBXResourcesBuildPhase;
			buildActionMask = 2147483647;
			files = (
				969F7A092A612C03004FD715 /* Preview Assets.xcassets in Resources */,
				969F7A062A612C03004FD715 /* Assets.xcassets in Resources */,
			);
			runOnlyForDeploymentPostprocessing = 0;
		};
		969F7A0C2A612C03004FD715 /* Resources */ = {
			isa = PBXResourcesBuildPhase;
			buildActionMask = 2147483647;
			files = (
			);
			runOnlyForDeploymentPostprocessing = 0;
		};
		969F7A162A612C03004FD715 /* Resources */ = {
			isa = PBXResourcesBuildPhase;
			buildActionMask = 2147483647;
			files = (
			);
			runOnlyForDeploymentPostprocessing = 0;
		};
/* End PBXResourcesBuildPhase section */

/* Begin PBXSourcesBuildPhase section */
		969F79FA2A612C00004FD715 /* Sources */ = {
			isa = PBXSourcesBuildPhase;
			buildActionMask = 2147483647;
			files = (
				969F7A042A612C00004FD715 /* ContentView.swift in Sources */,
				969F7A022A612C00004FD715 /* TabbedApp.swift in Sources */,
			);
			runOnlyForDeploymentPostprocessing = 0;
		};
		969F7A0A2A612C03004FD715 /* Sources */ = {
			isa = PBXSourcesBuildPhase;
			buildActionMask = 2147483647;
			files = (
				969F7A132A612C03004FD715 /* TabbedTests.swift in Sources */,
			);
			runOnlyForDeploymentPostprocessing = 0;
		};
		969F7A142A612C03004FD715 /* Sources */ = {
			isa = PBXSourcesBuildPhase;
			buildActionMask = 2147483647;
			files = (
				969F7A1F2A612C03004FD715 /* TabbedUITestsLaunchTests.swift in Sources */,
				969F7A1D2A612C03004FD715 /* TabbedUITests.swift in Sources */,
			);
			runOnlyForDeploymentPostprocessing = 0;
		};
/* End PBXSourcesBuildPhase section */

/* Begin PBXTargetDependency section */
		969F7A102A612C03004FD715 /* PBXTargetDependency */ = {
			isa = PBXTargetDependency;
			target = 969F79FD2A612C00004FD715 /* Tabbed */;
			targetProxy = 969F7A0F2A612C03004FD715 /* PBXContainerItemProxy */;
		};
		969F7A1A2A612C03004FD715 /* PBXTargetDependency */ = {
			isa = PBXTargetDependency;
			target = 969F79FD2A612C00004FD715 /* Tabbed */;
			targetProxy = 969F7A192A612C03004FD715 /* PBXContainerItemProxy */;
		};
/* End PBXTargetDependency section */

/* Begin XCBuildConfiguration section */
		969F7A202A612C03004FD715 /* Debug */ = {
			isa = XCBuildConfiguration;
			buildSettings = {
				ALWAYS_SEARCH_USER_PATHS = NO;
				ASSETCATALOG_COMPILER_GENERATE_SWIFT_ASSET_SYMBOL_EXTENSIONS = YES;
				CLANG_ANALYZER_NONNULL = YES;
				CLANG_ANALYZER_NUMBER_OBJECT_CONVERSION = YES_AGGRESSIVE;
				CLANG_CXX_LANGUAGE_STANDARD = "gnu++20";
				CLANG_ENABLE_MODULES = YES;
				CLANG_ENABLE_OBJC_ARC = YES;
				CLANG_ENABLE_OBJC_WEAK = YES;
				CLANG_WARN_BLOCK_CAPTURE_AUTORELEASING = YES;
				CLANG_WARN_BOOL_CONVERSION = YES;
				CLANG_WARN_COMMA = YES;
				CLANG_WARN_CONSTANT_CONVERSION = YES;
				CLANG_WARN_DEPRECATED_OBJC_IMPLEMENTATIONS = YES;
				CLANG_WARN_DIRECT_OBJC_ISA_USAGE = YES_ERROR;
				CLANG_WARN_DOCUMENTATION_COMMENTS = YES;
				CLANG_WARN_EMPTY_BODY = YES;
				CLANG_WARN_ENUM_CONVERSION = YES;
				CLANG_WARN_INFINITE_RECURSION = YES;
				CLANG_WARN_INT_CONVERSION = YES;
				CLANG_WARN_NON_LITERAL_NULL_CONVERSION = YES;
				CLANG_WARN_OBJC_IMPLICIT_RETAIN_SELF = YES;
				CLANG_WARN_OBJC_LITERAL_CONVERSION = YES;
				CLANG_WARN_OBJC_ROOT_CLASS = YES_ERROR;
				CLANG_WARN_QUOTED_INCLUDE_IN_FRAMEWORK_HEADER = YES;
				CLANG_WARN_RANGE_LOOP_ANALYSIS = YES;
				CLANG_WARN_STRICT_PROTOTYPES = YES;
				CLANG_WARN_SUSPICIOUS_MOVE = YES;
				CLANG_WARN_UNGUARDED_AVAILABILITY = YES_AGGRESSIVE;
				CLANG_WARN_UNREACHABLE_CODE = YES;
				CLANG_WARN__DUPLICATE_METHOD_MATCH = YES;
				COPY_PHASE_STRIP = NO;
				DEBUG_INFORMATION_FORMAT = dwarf;
				ENABLE_STRICT_OBJC_MSGSEND = YES;
				ENABLE_TESTABILITY = YES;
				ENABLE_USER_SCRIPT_SANDBOXING = YES;
				GCC_C_LANGUAGE_STANDARD = gnu17;
				GCC_DYNAMIC_NO_PIC = NO;
				GCC_NO_COMMON_BLOCKS = YES;
				GCC_OPTIMIZATION_LEVEL = 0;
				GCC_PREPROCESSOR_DEFINITIONS = (
					"DEBUG=1",
					"$(inherited)",
				);
				GCC_WARN_64_TO_32_BIT_CONVERSION = YES;
				GCC_WARN_ABOUT_RETURN_TYPE = YES_ERROR;
				GCC_WARN_UNDECLARED_SELECTOR = YES;
				GCC_WARN_UNINITIALIZED_AUTOS = YES_AGGRESSIVE;
				GCC_WARN_UNUSED_FUNCTION = YES;
				GCC_WARN_UNUSED_VARIABLE = YES;
				IPHONEOS_DEPLOYMENT_TARGET = 17.0;
				LOCALIZATION_PREFERS_STRING_CATALOGS = YES;
				MTL_ENABLE_DEBUG_INFO = INCLUDE_SOURCE;
				MTL_FAST_MATH = YES;
				ONLY_ACTIVE_ARCH = YES;
				SDKROOT = iphoneos;
				SWIFT_ACTIVE_COMPILATION_CONDITIONS = "DEBUG $(inherited)";
				SWIFT_OPTIMIZATION_LEVEL = "-Onone";
			};
			name = Debug;
		};
		969F7A212A612C03004FD715 /* Release */ = {
			isa = XCBuildConfiguration;
			buildSettings = {
				ALWAYS_SEARCH_USER_PATHS = NO;
				ASSETCATALOG_COMPILER_GENERATE_SWIFT_ASSET_SYMBOL_EXTENSIONS = YES;
				CLANG_ANALYZER_NONNULL = YES;
				CLANG_ANALYZER_NUMBER_OBJECT_CONVERSION = YES_AGGRESSIVE;
				CLANG_CXX_LANGUAGE_STANDARD = "gnu++20";
				CLANG_ENABLE_MODULES = YES;
				CLANG_ENABLE_OBJC_ARC = YES;
				CLANG_ENABLE_OBJC_WEAK = YES;
				CLANG_WARN_BLOCK_CAPTURE_AUTORELEASING = YES;
				CLANG_WARN_BOOL_CONVERSION = YES;
				CLANG_WARN_COMMA = YES;
				CLANG_WARN_CONSTANT_CONVERSION = YES;
				CLANG_WARN_DEPRECATED_OBJC_IMPLEMENTATIONS = YES;
				CLANG_WARN_DIRECT_OBJC_ISA_USAGE = YES_ERROR;
				CLANG_WARN_DOCUMENTATION_COMMENTS = YES;
				CLANG_WARN_EMPTY_BODY = YES;
				CLANG_WARN_ENUM_CONVERSION = YES;
				CLANG_WARN_INFINITE_RECURSION = YES;
				CLANG_WARN_INT_CONVERSION = YES;
				CLANG_WARN_NON_LITERAL_NULL_CONVERSION = YES;
				CLANG_WARN_OBJC_IMPLICIT_RETAIN_SELF = YES;
				CLANG_WARN_OBJC_LITERAL_CONVERSION = YES;
				CLANG_WARN_OBJC_ROOT_CLASS = YES_ERROR;
				CLANG_WARN_QUOTED_INCLUDE_IN_FRAMEWORK_HEADER = YES;
				CLANG_WARN_RANGE_LOOP_ANALYSIS = YES;
				CLANG_WARN_STRICT_PROTOTYPES = YES;
				CLANG_WARN_SUSPICIOUS_MOVE = YES;
				CLANG_WARN_UNGUARDED_AVAILABILITY = YES_AGGRESSIVE;
				CLANG_WARN_UNREACHABLE_CODE = YES;
				CLANG_WARN__DUPLICATE_METHOD_MATCH = YES;
				COPY_PHASE_STRIP = NO;
				DEBUG_INFORMATION_FORMAT = "dwarf-with-dsym";
				ENABLE_NS_ASSERTIONS = NO;
				ENABLE_STRICT_OBJC_MSGSEND = YES;
				ENABLE_USER_SCRIPT_SANDBOXING = YES;
				GCC_C_LANGUAGE_STANDARD = gnu17;
				GCC_NO_COMMON_BLOCKS = YES;
				GCC_WARN_64_TO_32_BIT_CONVERSION = YES;
				GCC_WARN_ABOUT_RETURN_TYPE = YES_ERROR;
				GCC_WARN_UNDECLARED_SELECTOR = YES;
				GCC_WARN_UNINITIALIZED_AUTOS = YES_AGGRESSIVE;
				GCC_WARN_UNUSED_FUNCTION = YES;
				GCC_WARN_UNUSED_VARIABLE = YES;
				IPHONEOS_DEPLOYMENT_TARGET = 17.0;
				LOCALIZATION_PREFERS_STRING_CATALOGS = YES;
				MTL_ENABLE_DEBUG_INFO = NO;
				MTL_FAST_MATH = YES;
				SDKROOT = iphoneos;
				SWIFT_COMPILATION_MODE = wholemodule;
				VALIDATE_PRODUCT = YES;
			};
			name = Release;
		};
		969F7A232A612C03004FD715 /* Debug */ = {
			isa = XCBuildConfiguration;
			buildSettings = {
				ASSETCATALOG_COMPILER_APPICON_NAME = AppIcon;
				ASSETCATALOG_COMPILER_GLOBAL_ACCENT_COLOR_NAME = AccentColor;
				CODE_SIGN_STYLE = Automatic;
				CURRENT_PROJECT_VERSION = 1;
				DEVELOPMENT_ASSET_PATHS = "\"Tabbed/Preview Content\"";
				DEVELOPMENT_TEAM = 6C4C8M2Y78;
				ENABLE_PREVIEWS = YES;
				GENERATE_INFOPLIST_FILE = YES;
				INFOPLIST_KEY_UIApplicationSceneManifest_Generation = YES;
				INFOPLIST_KEY_UIApplicationSupportsIndirectInputEvents = YES;
				INFOPLIST_KEY_UILaunchScreen_Generation = YES;
				INFOPLIST_KEY_UISupportedInterfaceOrientations_iPad = "UIInterfaceOrientationPortrait UIInterfaceOrientationPortraitUpsideDown UIInterfaceOrientationLandscapeLeft UIInterfaceOrientationLandscapeRight";
				INFOPLIST_KEY_UISupportedInterfaceOrientations_iPhone = "UIInterfaceOrientationPortrait UIInterfaceOrientationLandscapeLeft UIInterfaceOrientationLandscapeRight";
				LD_RUNPATH_SEARCH_PATHS = (
					"$(inherited)",
					"@executable_path/Frameworks",
				);
				MARKETING_VERSION = 1.0;
				PRODUCT_BUNDLE_IDENTIFIER = com.ohderin.Tabbed;
				PRODUCT_NAME = "$(TARGET_NAME)";
				SWIFT_EMIT_LOC_STRINGS = YES;
				SWIFT_VERSION = 5.0;
				TARGETED_DEVICE_FAMILY = "1,2";
			};
			name = Debug;
		};
		969F7A242A612C03004FD715 /* Release */ = {
			isa = XCBuildConfiguration;
			buildSettings = {
				ASSETCATALOG_COMPILER_APPICON_NAME = AppIcon;
				ASSETCATALOG_COMPILER_GLOBAL_ACCENT_COLOR_NAME = AccentColor;
				CODE_SIGN_STYLE = Automatic;
				CURRENT_PROJECT_VERSION = 1;
				DEVELOPMENT_ASSET_PATHS = "\"Tabbed/Preview Content\"";
				DEVELOPMENT_TEAM = 6C4C8M2Y78;
				ENABLE_PREVIEWS = YES;
				GENERATE_INFOPLIST_FILE = YES;
				INFOPLIST_KEY_UIApplicationSceneManifest_Generation = YES;
				INFOPLIST_KEY_UIApplicationSupportsIndirectInputEvents = YES;
				INFOPLIST_KEY_UILaunchScreen_Generation = YES;
				INFOPLIST_KEY_UISupportedInterfaceOrientations_iPad = "UIInterfaceOrientationPortrait UIInterfaceOrientationPortraitUpsideDown UIInterfaceOrientationLandscapeLeft UIInterfaceOrientationLandscapeRight";
				INFOPLIST_KEY_UISupportedInterfaceOrientations_iPhone = "UIInterfaceOrientationPortrait UIInterfaceOrientationLandscapeLeft UIInterfaceOrientationLandscapeRight";
				LD_RUNPATH_SEARCH_PATHS = (
					"$(inherited)",
					"@executable_path/Frameworks",
				);
				MARKETING_VERSION = 1.0;
				PRODUCT_BUNDLE_IDENTIFIER = com.ohderin.Tabbed;
				PRODUCT_NAME = "$(TARGET_NAME)";
				SWIFT_EMIT_LOC_STRINGS = YES;
				SWIFT_VERSION = 5.0;
				TARGETED_DEVICE_FAMILY = "1,2";
			};
			name = Release;
		};
		969F7A262A612C03004FD715 /* Debug */ = {
			isa = XCBuildConfiguration;
			buildSettings = {
				ALWAYS_EMBED_SWIFT_STANDARD_LIBRARIES = YES;
				BUNDLE_LOADER = "$(TEST_HOST)";
				CODE_SIGN_STYLE = Automatic;
				CURRENT_PROJECT_VERSION = 1;
				DEVELOPMENT_TEAM = 6C4C8M2Y78;
				GENERATE_INFOPLIST_FILE = YES;
				IPHONEOS_DEPLOYMENT_TARGET = 17.0;
				MARKETING_VERSION = 1.0;
				PRODUCT_BUNDLE_IDENTIFIER = com.ohderin.TabbedTests;
				PRODUCT_NAME = "$(TARGET_NAME)";
				SWIFT_EMIT_LOC_STRINGS = NO;
				SWIFT_VERSION = 5.0;
				TARGETED_DEVICE_FAMILY = "1,2";
				TEST_HOST = "$(BUILT_PRODUCTS_DIR)/Tabbed.app/$(BUNDLE_EXECUTABLE_FOLDER_PATH)/Tabbed";
			};
			name = Debug;
		};
		969F7A272A612C03004FD715 /* Release */ = {
			isa = XCBuildConfiguration;
			buildSettings = {
				ALWAYS_EMBED_SWIFT_STANDARD_LIBRARIES = YES;
				BUNDLE_LOADER = "$(TEST_HOST)";
				CODE_SIGN_STYLE = Automatic;
				CURRENT_PROJECT_VERSION = 1;
				DEVELOPMENT_TEAM = 6C4C8M2Y78;
				GENERATE_INFOPLIST_FILE = YES;
				IPHONEOS_DEPLOYMENT_TARGET = 17.0;
				MARKETING_VERSION = 1.0;
				PRODUCT_BUNDLE_IDENTIFIER = com.ohderin.TabbedTests;
				PRODUCT_NAME = "$(TARGET_NAME)";
				SWIFT_EMIT_LOC_STRINGS = NO;
				SWIFT_VERSION = 5.0;
				TARGETED_DEVICE_FAMILY = "1,2";
				TEST_HOST = "$(BUILT_PRODUCTS_DIR)/Tabbed.app/$(BUNDLE_EXECUTABLE_FOLDER_PATH)/Tabbed";
			};
			name = Release;
		};
		969F7A292A612C03004FD715 /* Debug */ = {
			isa = XCBuildConfiguration;
			buildSettings = {
				ALWAYS_EMBED_SWIFT_STANDARD_LIBRARIES = YES;
				CODE_SIGN_STYLE = Automatic;
				CURRENT_PROJECT_VERSION = 1;
				DEVELOPMENT_TEAM = 6C4C8M2Y78;
				GENERATE_INFOPLIST_FILE = YES;
				MARKETING_VERSION = 1.0;
				PRODUCT_BUNDLE_IDENTIFIER = com.ohderin.TabbedUITests;
				PRODUCT_NAME = "$(TARGET_NAME)";
				SWIFT_EMIT_LOC_STRINGS = NO;
				SWIFT_VERSION = 5.0;
				TARGETED_DEVICE_FAMILY = "1,2";
				TEST_TARGET_NAME = Tabbed;
			};
			name = Debug;
		};
		969F7A2A2A612C03004FD715 /* Release */ = {
			isa = XCBuildConfiguration;
			buildSettings = {
				ALWAYS_EMBED_SWIFT_STANDARD_LIBRARIES = YES;
				CODE_SIGN_STYLE = Automatic;
				CURRENT_PROJECT_VERSION = 1;
				DEVELOPMENT_TEAM = 6C4C8M2Y78;
				GENERATE_INFOPLIST_FILE = YES;
				MARKETING_VERSION = 1.0;
				PRODUCT_BUNDLE_IDENTIFIER = com.ohderin.TabbedUITests;
				PRODUCT_NAME = "$(TARGET_NAME)";
				SWIFT_EMIT_LOC_STRINGS = NO;
				SWIFT_VERSION = 5.0;
				TARGETED_DEVICE_FAMILY = "1,2";
				TEST_TARGET_NAME = Tabbed;
			};
			name = Release;
		};
/* End XCBuildConfiguration section */

/* Begin XCConfigurationList section */
		969F79F92A612C00004FD715 /* Build configuration list for PBXProject "Tabbed" */ = {
			isa = XCConfigurationList;
			buildConfigurations = (
				969F7A202A612C03004FD715 /* Debug */,
				969F7A212A612C03004FD715 /* Release */,
			);
			defaultConfigurationIsVisible = 0;
			defaultConfigurationName = Release;
		};
		969F7A222A612C03004FD715 /* Build configuration list for PBXNativeTarget "Tabbed" */ = {
			isa = XCConfigurationList;
			buildConfigurations = (
				969F7A232A612C03004FD715 /* Debug */,
				969F7A242A612C03004FD715 /* Release */,
			);
			defaultConfigurationIsVisible = 0;
			defaultConfigurationName = Release;
		};
		969F7A252A612C03004FD715 /* Build configuration list for PBXNativeTarget "TabbedTests" */ = {
			isa = XCConfigurationList;
			buildConfigurations = (
				969F7A262A612C03004FD715 /* Debug */,
				969F7A272A612C03004FD715 /* Release */,
			);
			defaultConfigurationIsVisible = 0;
			defaultConfigurationName = Release;
		};
		969F7A282A612C03004FD715 /* Build configuration list for PBXNativeTarget "TabbedUITests" */ = {
			isa = XCConfigurationList;
			buildConfigurations = (
				969F7A292A612C03004FD715 /* Debug */,
				969F7A2A2A612C03004FD715 /* Release */,
			);
			defaultConfigurationIsVisible = 0;
			defaultConfigurationName = Release;
		};
/* End XCConfigurationList section */
	};
	rootObject = 969F79F62A612C00004FD715 /* Project object */;
}
